
Microsoft Visual Studio Solution File, Format Version 12.00
# Visual Studio 14
VisualStudioVersion = 14.0.25420.1
MinimumVisualStudioVersion = 10.0.40219.1
Project("{2150E333-8FDC-42A3-9474-1A3956D46DE8}") = "Server", "Server", "{BB392713-19B3-49E6-A28A-17A027FD8B6B}"
EndProject
Project("{2150E333-8FDC-42A3-9474-1A3956D46DE8}") = "Client", "Client", "{F5639547-BB78-4375-949D-8BE8667CE791}"
EndProject
Project("{2150E333-8FDC-42A3-9474-1A3956D46DE8}") = "Core", "Core", "{5014FCC0-48C0-4E16-8EA0-BE5B9EB20DF1}"
EndProject
Project("{FAE04EC0-301F-11D3-BF4B-00C04F79EFBC}") = "SuitSupply.Core.DataAccess", "Core\SuitSupply.Core.DataAccess\SuitSupply.Core.DataAccess.csproj", "{B66CD220-0FAF-457C-A66F-4AABBA15B2D7}"
	ProjectSection(ProjectDependencies) = postProject
		{E8FE7E2C-24B0-4BE1-822A-EE4A5AF3E7A5} = {E8FE7E2C-24B0-4BE1-822A-EE4A5AF3E7A5}
	EndProjectSection
EndProject
Project("{2150E333-8FDC-42A3-9474-1A3956D46DE8}") = "Domain", "Domain", "{CED280AE-9213-4FDA-BBCF-1E89E6E23BC5}"
EndProject
Project("{FAE04EC0-301F-11D3-BF4B-00C04F79EFBC}") = "SuitSupply.Domain.Product", "Domain\SuitSupply.Domain.Product\SuitSupply.Domain.Product.csproj", "{8E999608-584D-469F-9CC0-77FBC8557235}"
	ProjectSection(ProjectDependencies) = postProject
		{B66CD220-0FAF-457C-A66F-4AABBA15B2D7} = {B66CD220-0FAF-457C-A66F-4AABBA15B2D7}
		{E8FE7E2C-24B0-4BE1-822A-EE4A5AF3E7A5} = {E8FE7E2C-24B0-4BE1-822A-EE4A5AF3E7A5}
	EndProjectSection
EndProject
Project("{FAE04EC0-301F-11D3-BF4B-00C04F79EFBC}") = "SuitSupply.Core.DatabaseInitializer", "Core\SuitSupply.Core.DatabaseInitializer\SuitSupply.Core.DatabaseInitializer.csproj", "{48E00826-5261-483D-8A6A-D522899B4EFC}"
	ProjectSection(ProjectDependencies) = postProject
		{8E999608-584D-469F-9CC0-77FBC8557235} = {8E999608-584D-469F-9CC0-77FBC8557235}
		{B66CD220-0FAF-457C-A66F-4AABBA15B2D7} = {B66CD220-0FAF-457C-A66F-4AABBA15B2D7}
		{E8FE7E2C-24B0-4BE1-822A-EE4A5AF3E7A5} = {E8FE7E2C-24B0-4BE1-822A-EE4A5AF3E7A5}
	EndProjectSection
EndProject
Project("{FAE04EC0-301F-11D3-BF4B-00C04F79EFBC}") = "SuitSupply.Core", "Core\SuitSupply.Core\SuitSupply.Core.csproj", "{E8FE7E2C-24B0-4BE1-822A-EE4A5AF3E7A5}"
EndProject
Project("{FAE04EC0-301F-11D3-BF4B-00C04F79EFBC}") = "SuitSupply.Domain.Product.Test", "Domain\SuitSupply.Domain.Product.Test\SuitSupply.Domain.Product.Test.csproj", "{05564123-E5E4-4007-B202-3422FB69D920}"
	ProjectSection(ProjectDependencies) = postProject
		{8E999608-584D-469F-9CC0-77FBC8557235} = {8E999608-584D-469F-9CC0-77FBC8557235}
		{B66CD220-0FAF-457C-A66F-4AABBA15B2D7} = {B66CD220-0FAF-457C-A66F-4AABBA15B2D7}
		{E8FE7E2C-24B0-4BE1-822A-EE4A5AF3E7A5} = {E8FE7E2C-24B0-4BE1-822A-EE4A5AF3E7A5}
	EndProjectSection
EndProject
Project("{FAE04EC0-301F-11D3-BF4B-00C04F79EFBC}") = "SuitSupply.Server.ServiceHost", "Server\SuitSupply.Server.ServiceHost\SuitSupply.Server.ServiceHost.csproj", "{D3356E62-BFD4-4F01-B35F-AC4E96405708}"
EndProject
Project("{FAE04EC0-301F-11D3-BF4B-00C04F79EFBC}") = "SuitSupply.Core.Azure", "Core\SuitSupply.Core.Azure\SuitSupply.Core.Azure.csproj", "{E37A8E95-1511-466F-8A59-27CC6747470B}"
EndProject
Project("{00D1A9C2-B5F0-4AF3-8072-F6C62B433612}") = "SuitSupply.Database", "Database\SuitSupply.Database\SuitSupply.Database.sqlproj", "{30D49B83-9481-427B-8670-815C6C705DA6}"
EndProject
Project("{2150E333-8FDC-42A3-9474-1A3956D46DE8}") = "Database", "Database", "{5CEAC505-9899-45A4-AC98-0688366246C2}"
EndProject
Project("{FAE04EC0-301F-11D3-BF4B-00C04F79EFBC}") = "SuitSupply.WorkerJob", "Server\SuitSupply.WorkerJob\SuitSupply.WorkerJob.csproj", "{CBDDB46E-BCCF-4DDF-9B44-23FBAD57CBA3}"
EndProject
Project("{FAE04EC0-301F-11D3-BF4B-00C04F79EFBC}") = "SuitSupply.Client", "Client\SuitSupply.Client\SuitSupply.Client.csproj", "{A52AD950-B7FA-484A-A8A9-BA88A6FD4EFE}"
EndProject
Project("{FAE04EC0-301F-11D3-BF4B-00C04F79EFBC}") = "SuitSupply.DataObject", "Domain\SuitSupply.DataObject\SuitSupply.DataObject.csproj", "{DB19D03C-0058-42C5-9AEF-F606D24265A2}"
EndProject
Global
	GlobalSection(SolutionConfigurationPlatforms) = preSolution
		Debug|Any CPU = Debug|Any CPU
		Release|Any CPU = Release|Any CPU
	EndGlobalSection
	GlobalSection(ProjectConfigurationPlatforms) = postSolution
		{B66CD220-0FAF-457C-A66F-4AABBA15B2D7}.Debug|Any CPU.ActiveCfg = Debug|Any CPU
		{B66CD220-0FAF-457C-A66F-4AABBA15B2D7}.Debug|Any CPU.Build.0 = Debug|Any CPU
		{B66CD220-0FAF-457C-A66F-4AABBA15B2D7}.Release|Any CPU.ActiveCfg = Release|Any CPU
		{B66CD220-0FAF-457C-A66F-4AABBA15B2D7}.Release|Any CPU.Build.0 = Release|Any CPU
		{8E999608-584D-469F-9CC0-77FBC8557235}.Debug|Any CPU.ActiveCfg = Debug|Any CPU
		{8E999608-584D-469F-9CC0-77FBC8557235}.Debug|Any CPU.Build.0 = Debug|Any CPU
		{8E999608-584D-469F-9CC0-77FBC8557235}.Release|Any CPU.ActiveCfg = Release|Any CPU
		{8E999608-584D-469F-9CC0-77FBC8557235}.Release|Any CPU.Build.0 = Release|Any CPU
		{48E00826-5261-483D-8A6A-D522899B4EFC}.Debug|Any CPU.ActiveCfg = Debug|Any CPU
		{48E00826-5261-483D-8A6A-D522899B4EFC}.Debug|Any CPU.Build.0 = Debug|Any CPU
		{48E00826-5261-483D-8A6A-D522899B4EFC}.Release|Any CPU.ActiveCfg = Release|Any CPU
		{48E00826-5261-483D-8A6A-D522899B4EFC}.Release|Any CPU.Build.0 = Release|Any CPU
		{E8FE7E2C-24B0-4BE1-822A-EE4A5AF3E7A5}.Debug|Any CPU.ActiveCfg = Debug|Any CPU
		{E8FE7E2C-24B0-4BE1-822A-EE4A5AF3E7A5}.Debug|Any CPU.Build.0 = Debug|Any CPU
		{E8FE7E2C-24B0-4BE1-822A-EE4A5AF3E7A5}.Release|Any CPU.ActiveCfg = Release|Any CPU
		{E8FE7E2C-24B0-4BE1-822A-EE4A5AF3E7A5}.Release|Any CPU.Build.0 = Release|Any CPU
		{05564123-E5E4-4007-B202-3422FB69D920}.Debug|Any CPU.ActiveCfg = Debug|Any CPU
		{05564123-E5E4-4007-B202-3422FB69D920}.Debug|Any CPU.Build.0 = Debug|Any CPU
		{05564123-E5E4-4007-B202-3422FB69D920}.Release|Any CPU.ActiveCfg = Release|Any CPU
		{05564123-E5E4-4007-B202-3422FB69D920}.Release|Any CPU.Build.0 = Release|Any CPU
		{D3356E62-BFD4-4F01-B35F-AC4E96405708}.Debug|Any CPU.ActiveCfg = Debug|Any CPU
		{D3356E62-BFD4-4F01-B35F-AC4E96405708}.Debug|Any CPU.Build.0 = Debug|Any CPU
		{D3356E62-BFD4-4F01-B35F-AC4E96405708}.Release|Any CPU.ActiveCfg = Release|Any CPU
		{D3356E62-BFD4-4F01-B35F-AC4E96405708}.Release|Any CPU.Build.0 = Release|Any CPU
		{E37A8E95-1511-466F-8A59-27CC6747470B}.Debug|Any CPU.ActiveCfg = Debug|Any CPU
		{E37A8E95-1511-466F-8A59-27CC6747470B}.Debug|Any CPU.Build.0 = Debug|Any CPU
		{E37A8E95-1511-466F-8A59-27CC6747470B}.Release|Any CPU.ActiveCfg = Release|Any CPU
		{E37A8E95-1511-466F-8A59-27CC6747470B}.Release|Any CPU.Build.0 = Release|Any CPU
		{30D49B83-9481-427B-8670-815C6C705DA6}.Debug|Any CPU.ActiveCfg = Debug|Any CPU
		{30D49B83-9481-427B-8670-815C6C705DA6}.Debug|Any CPU.Build.0 = Debug|Any CPU
		{30D49B83-9481-427B-8670-815C6C705DA6}.Debug|Any CPU.Deploy.0 = Debug|Any CPU
		{30D49B83-9481-427B-8670-815C6C705DA6}.Release|Any CPU.ActiveCfg = Release|Any CPU
		{30D49B83-9481-427B-8670-815C6C705DA6}.Release|Any CPU.Build.0 = Release|Any CPU
		{30D49B83-9481-427B-8670-815C6C705DA6}.Release|Any CPU.Deploy.0 = Release|Any CPU
		{CBDDB46E-BCCF-4DDF-9B44-23FBAD57CBA3}.Debug|Any CPU.ActiveCfg = Debug|Any CPU
		{CBDDB46E-BCCF-4DDF-9B44-23FBAD57CBA3}.Debug|Any CPU.Build.0 = Debug|Any CPU
		{CBDDB46E-BCCF-4DDF-9B44-23FBAD57CBA3}.Release|Any CPU.ActiveCfg = Release|Any CPU
		{CBDDB46E-BCCF-4DDF-9B44-23FBAD57CBA3}.Release|Any CPU.Build.0 = Release|Any CPU
		{A52AD950-B7FA-484A-A8A9-BA88A6FD4EFE}.Debug|Any CPU.ActiveCfg = Debug|Any CPU
		{A52AD950-B7FA-484A-A8A9-BA88A6FD4EFE}.Debug|Any CPU.Build.0 = Debug|Any CPU
		{A52AD950-B7FA-484A-A8A9-BA88A6FD4EFE}.Release|Any CPU.ActiveCfg = Release|Any CPU
		{A52AD950-B7FA-484A-A8A9-BA88A6FD4EFE}.Release|Any CPU.Build.0 = Release|Any CPU
		{DB19D03C-0058-42C5-9AEF-F606D24265A2}.Debug|Any CPU.ActiveCfg = Debug|Any CPU
		{DB19D03C-0058-42C5-9AEF-F606D24265A2}.Debug|Any CPU.Build.0 = Debug|Any CPU
		{DB19D03C-0058-42C5-9AEF-F606D24265A2}.Release|Any CPU.ActiveCfg = Release|Any CPU
		{DB19D03C-0058-42C5-9AEF-F606D24265A2}.Release|Any CPU.Build.0 = Release|Any CPU
	EndGlobalSection
	GlobalSection(SolutionProperties) = preSolution
		HideSolutionNode = FALSE
	EndGlobalSection
	GlobalSection(NestedProjects) = preSolution
		{B66CD220-0FAF-457C-A66F-4AABBA15B2D7} = {5014FCC0-48C0-4E16-8EA0-BE5B9EB20DF1}
		{8E999608-584D-469F-9CC0-77FBC8557235} = {CED280AE-9213-4FDA-BBCF-1E89E6E23BC5}
		{48E00826-5261-483D-8A6A-D522899B4EFC} = {5014FCC0-48C0-4E16-8EA0-BE5B9EB20DF1}
		{E8FE7E2C-24B0-4BE1-822A-EE4A5AF3E7A5} = {5014FCC0-48C0-4E16-8EA0-BE5B9EB20DF1}
		{05564123-E5E4-4007-B202-3422FB69D920} = {CED280AE-9213-4FDA-BBCF-1E89E6E23BC5}
		{D3356E62-BFD4-4F01-B35F-AC4E96405708} = {BB392713-19B3-49E6-A28A-17A027FD8B6B}
		{E37A8E95-1511-466F-8A59-27CC6747470B} = {5014FCC0-48C0-4E16-8EA0-BE5B9EB20DF1}
		{30D49B83-9481-427B-8670-815C6C705DA6} = {5CEAC505-9899-45A4-AC98-0688366246C2}
		{CBDDB46E-BCCF-4DDF-9B44-23FBAD57CBA3} = {BB392713-19B3-49E6-A28A-17A027FD8B6B}
		{A52AD950-B7FA-484A-A8A9-BA88A6FD4EFE} = {F5639547-BB78-4375-949D-8BE8667CE791}
		{DB19D03C-0058-42C5-9AEF-F606D24265A2} = {CED280AE-9213-4FDA-BBCF-1E89E6E23BC5}
	EndGlobalSection
EndGlobal
